// !$*UTF8*$!
{
	archiveVersion = 1;
	classes = {
	};
	objectVersion = 48;
	objects = {

/* Begin PBXBuildFile section */
		7F382F14D40B70A988C16FF2 /* Pods_WhoWouldWin.framework in Frameworks */ = {isa = PBXBuildFile; fileRef = 2405183BFC8462056773F56A /* Pods_WhoWouldWin.framework */; };
		E630AE5D1FF41BBC00944706 /* CustomButton.swift in Sources */ = {isa = PBXBuildFile; fileRef = E630AE5C1FF41BBC00944706 /* CustomButton.swift */; };
		E6E900541FF418A7008896EB /* AppDelegate.swift in Sources */ = {isa = PBXBuildFile; fileRef = E6E900531FF418A7008896EB /* AppDelegate.swift */; };
		E6E900561FF418A8008896EB /* ViewController.swift in Sources */ = {isa = PBXBuildFile; fileRef = E6E900551FF418A8008896EB /* ViewController.swift */; };
		E6E900591FF418A8008896EB /* Main.storyboard in Resources */ = {isa = PBXBuildFile; fileRef = E6E900571FF418A8008896EB /* Main.storyboard */; };
		E6E9005C1FF418A8008896EB /* WhoWouldWin.xcdatamodeld in Sources */ = {isa = PBXBuildFile; fileRef = E6E9005A1FF418A8008896EB /* WhoWouldWin.xcdatamodeld */; };
		E6E9005E1FF418A8008896EB /* Assets.xcassets in Resources */ = {isa = PBXBuildFile; fileRef = E6E9005D1FF418A8008896EB /* Assets.xcassets */; };
		E6E900611FF418A8008896EB /* LaunchScreen.storyboard in Resources */ = {isa = PBXBuildFile; fileRef = E6E9005F1FF418A8008896EB /* LaunchScreen.storyboard */; };
		E6E9006C1FF418A8008896EB /* WhoWouldWinTests.swift in Sources */ = {isa = PBXBuildFile; fileRef = E6E9006B1FF418A8008896EB /* WhoWouldWinTests.swift */; };
		E6E900771FF418A8008896EB /* WhoWouldWinUITests.swift in Sources */ = {isa = PBXBuildFile; fileRef = E6E900761FF418A8008896EB /* WhoWouldWinUITests.swift */; };
		E6F0AB7B1FFE40B0003FA238 /* GoogleService-Info.plist in Resources */ = {isa = PBXBuildFile; fileRef = E6F0AB7A1FFE40B0003FA238 /* GoogleService-Info.plist */; };
/* End PBXBuildFile section */

/* Begin PBXContainerItemProxy section */
		E6E900681FF418A8008896EB /* PBXContainerItemProxy */ = {
			isa = PBXContainerItemProxy;
			containerPortal = E6E900481FF418A7008896EB /* Project object */;
			proxyType = 1;
			remoteGlobalIDString = E6E9004F1FF418A7008896EB;
			remoteInfo = WhoWouldWin;
		};
		E6E900731FF418A8008896EB /* PBXContainerItemProxy */ = {
			isa = PBXContainerItemProxy;
			containerPortal = E6E900481FF418A7008896EB /* Project object */;
			proxyType = 1;
			remoteGlobalIDString = E6E9004F1FF418A7008896EB;
			remoteInfo = WhoWouldWin;
		};
/* End PBXContainerItemProxy section */

/* Begin PBXFileReference section */
		2405183BFC8462056773F56A /* Pods_WhoWouldWin.framework */ = {isa = PBXFileReference; explicitFileType = wrapper.framework; includeInIndex = 0; path = Pods_WhoWouldWin.framework; sourceTree = BUILT_PRODUCTS_DIR; };
		758DF26AD9DD2469AA621A91 /* Pods-WhoWouldWin.debug.xcconfig */ = {isa = PBXFileReference; includeInIndex = 1; lastKnownFileType = text.xcconfig; name = "Pods-WhoWouldWin.debug.xcconfig"; path = "Pods/Target Support Files/Pods-WhoWouldWin/Pods-WhoWouldWin.debug.xcconfig"; sourceTree = "<group>"; };
		AC5517C35421360DC5C7A694 /* Pods-WhoWouldWin.release.xcconfig */ = {isa = PBXFileReference; includeInIndex = 1; lastKnownFileType = text.xcconfig; name = "Pods-WhoWouldWin.release.xcconfig"; path = "Pods/Target Support Files/Pods-WhoWouldWin/Pods-WhoWouldWin.release.xcconfig"; sourceTree = "<group>"; };
		E630AE5C1FF41BBC00944706 /* CustomButton.swift */ = {isa = PBXFileReference; lastKnownFileType = sourcecode.swift; path = CustomButton.swift; sourceTree = "<group>"; };
		E6E900501FF418A7008896EB /* WhoWouldWin.app */ = {isa = PBXFileReference; explicitFileType = wrapper.application; includeInIndex = 0; path = WhoWouldWin.app; sourceTree = BUILT_PRODUCTS_DIR; };
		E6E900531FF418A7008896EB /* AppDelegate.swift */ = {isa = PBXFileReference; lastKnownFileType = sourcecode.swift; path = AppDelegate.swift; sourceTree = "<group>"; };
		E6E900551FF418A8008896EB /* ViewController.swift */ = {isa = PBXFileReference; lastKnownFileType = sourcecode.swift; path = ViewController.swift; sourceTree = "<group>"; };
		E6E900581FF418A8008896EB /* Base */ = {isa = PBXFileReference; lastKnownFileType = file.storyboard; name = Base; path = Base.lproj/Main.storyboard; sourceTree = "<group>"; };
		E6E9005B1FF418A8008896EB /* WhoWouldWin.xcdatamodel */ = {isa = PBXFileReference; lastKnownFileType = wrapper.xcdatamodel; path = WhoWouldWin.xcdatamodel; sourceTree = "<group>"; };
		E6E9005D1FF418A8008896EB /* Assets.xcassets */ = {isa = PBXFileReference; lastKnownFileType = folder.assetcatalog; path = Assets.xcassets; sourceTree = "<group>"; };
		E6E900601FF418A8008896EB /* Base */ = {isa = PBXFileReference; lastKnownFileType = file.storyboard; name = Base; path = Base.lproj/LaunchScreen.storyboard; sourceTree = "<group>"; };
		E6E900621FF418A8008896EB /* Info.plist */ = {isa = PBXFileReference; lastKnownFileType = text.plist.xml; path = Info.plist; sourceTree = "<group>"; };
		E6E900671FF418A8008896EB /* WhoWouldWinTests.xctest */ = {isa = PBXFileReference; explicitFileType = wrapper.cfbundle; includeInIndex = 0; path = WhoWouldWinTests.xctest; sourceTree = BUILT_PRODUCTS_DIR; };
		E6E9006B1FF418A8008896EB /* WhoWouldWinTests.swift */ = {isa = PBXFileReference; lastKnownFileType = sourcecode.swift; path = WhoWouldWinTests.swift; sourceTree = "<group>"; };
		E6E9006D1FF418A8008896EB /* Info.plist */ = {isa = PBXFileReference; lastKnownFileType = text.plist.xml; path = Info.plist; sourceTree = "<group>"; };
		E6E900721FF418A8008896EB /* WhoWouldWinUITests.xctest */ = {isa = PBXFileReference; explicitFileType = wrapper.cfbundle; includeInIndex = 0; path = WhoWouldWinUITests.xctest; sourceTree = BUILT_PRODUCTS_DIR; };
		E6E900761FF418A8008896EB /* WhoWouldWinUITests.swift */ = {isa = PBXFileReference; lastKnownFileType = sourcecode.swift; path = WhoWouldWinUITests.swift; sourceTree = "<group>"; };
		E6E900781FF418A8008896EB /* Info.plist */ = {isa = PBXFileReference; lastKnownFileType = text.plist.xml; path = Info.plist; sourceTree = "<group>"; };
		E6F0AB7A1FFE40B0003FA238 /* GoogleService-Info.plist */ = {isa = PBXFileReference; fileEncoding = 4; lastKnownFileType = text.plist.xml; name = "GoogleService-Info.plist"; path = "../../../../../Downloads/GoogleService-Info.plist"; sourceTree = "<group>"; };
		E6F0AB7D1FFE40BF003FA238 /* GoogleService-Info.plist */ = {isa = PBXFileReference; lastKnownFileType = text.plist.xml; path = "GoogleService-Info.plist"; sourceTree = "<group>"; };
/* End PBXFileReference section */

/* Begin PBXFrameworksBuildPhase section */
		E6E9004D1FF418A7008896EB /* Frameworks */ = {
			isa = PBXFrameworksBuildPhase;
			buildActionMask = 2147483647;
			files = (
				7F382F14D40B70A988C16FF2 /* Pods_WhoWouldWin.framework in Frameworks */,
			);
			runOnlyForDeploymentPostprocessing = 0;
		};
		E6E900641FF418A8008896EB /* Frameworks */ = {
			isa = PBXFrameworksBuildPhase;
			buildActionMask = 2147483647;
			files = (
			);
			runOnlyForDeploymentPostprocessing = 0;
		};
		E6E9006F1FF418A8008896EB /* Frameworks */ = {
			isa = PBXFrameworksBuildPhase;
			buildActionMask = 2147483647;
			files = (
			);
			runOnlyForDeploymentPostprocessing = 0;
		};
/* End PBXFrameworksBuildPhase section */

/* Begin PBXGroup section */
		2F2FF3AA95AF175CE4F83DE6 /* Frameworks */ = {
			isa = PBXGroup;
			children = (
				2405183BFC8462056773F56A /* Pods_WhoWouldWin.framework */,
			);
			name = Frameworks;
			sourceTree = "<group>";
		};
		E6E900471FF418A7008896EB = {
			isa = PBXGroup;
			children = (
				E6E900521FF418A7008896EB /* WhoWouldWin */,
				E6E9006A1FF418A8008896EB /* WhoWouldWinTests */,
				E6E900751FF418A8008896EB /* WhoWouldWinUITests */,
				E6E900511FF418A7008896EB /* Products */,
				FCB341FB7CCCDA42075510DB /* Pods */,
				2F2FF3AA95AF175CE4F83DE6 /* Frameworks */,
			);
			sourceTree = "<group>";
		};
		E6E900511FF418A7008896EB /* Products */ = {
			isa = PBXGroup;
			children = (
				E6E900501FF418A7008896EB /* WhoWouldWin.app */,
				E6E900671FF418A8008896EB /* WhoWouldWinTests.xctest */,
				E6E900721FF418A8008896EB /* WhoWouldWinUITests.xctest */,
			);
			name = Products;
			sourceTree = "<group>";
		};
		E6E900521FF418A7008896EB /* WhoWouldWin */ = {
			isa = PBXGroup;
			children = (
				E6F0AB7C1FFE40B9003FA238 /* Firebase */,
				E6F0AB7A1FFE40B0003FA238 /* GoogleService-Info.plist */,
				E6E900531FF418A7008896EB /* AppDelegate.swift */,
				E6E900551FF418A8008896EB /* ViewController.swift */,
				E6E900571FF418A8008896EB /* Main.storyboard */,
				E6E9005D1FF418A8008896EB /* Assets.xcassets */,
				E6E9005F1FF418A8008896EB /* LaunchScreen.storyboard */,
				E6E900621FF418A8008896EB /* Info.plist */,
				E6E9005A1FF418A8008896EB /* WhoWouldWin.xcdatamodeld */,
				E630AE5C1FF41BBC00944706 /* CustomButton.swift */,
			);
			path = WhoWouldWin;
			sourceTree = "<group>";
		};
		E6E9006A1FF418A8008896EB /* WhoWouldWinTests */ = {
			isa = PBXGroup;
			children = (
				E6E9006B1FF418A8008896EB /* WhoWouldWinTests.swift */,
				E6E9006D1FF418A8008896EB /* Info.plist */,
			);
			path = WhoWouldWinTests;
			sourceTree = "<group>";
		};
		E6E900751FF418A8008896EB /* WhoWouldWinUITests */ = {
			isa = PBXGroup;
			children = (
				E6E900761FF418A8008896EB /* WhoWouldWinUITests.swift */,
				E6E900781FF418A8008896EB /* Info.plist */,
			);
			path = WhoWouldWinUITests;
			sourceTree = "<group>";
		};
		E6F0AB7C1FFE40B9003FA238 /* Firebase */ = {
			isa = PBXGroup;
			children = (
				E6F0AB7D1FFE40BF003FA238 /* GoogleService-Info.plist */,
			);
			path = Firebase;
			sourceTree = "<group>";
		};
		FCB341FB7CCCDA42075510DB /* Pods */ = {
			isa = PBXGroup;
			children = (
				758DF26AD9DD2469AA621A91 /* Pods-WhoWouldWin.debug.xcconfig */,
				AC5517C35421360DC5C7A694 /* Pods-WhoWouldWin.release.xcconfig */,
			);
			name = Pods;
			sourceTree = "<group>";
		};
/* End PBXGroup section */

/* Begin PBXNativeTarget section */
		E6E9004F1FF418A7008896EB /* WhoWouldWin */ = {
			isa = PBXNativeTarget;
			buildConfigurationList = E6E9007B1FF418A8008896EB /* Build configuration list for PBXNativeTarget "WhoWouldWin" */;
			buildPhases = (
				41882EEE76507BD39C14A535 /* [CP] Check Pods Manifest.lock */,
				E6E9004C1FF418A7008896EB /* Sources */,
				E6E9004D1FF418A7008896EB /* Frameworks */,
				E6E9004E1FF418A7008896EB /* Resources */,
				5E72C898482AB71A7CA6A56B /* [CP] Embed Pods Frameworks */,
				139FD01645D6370F67559E08 /* [CP] Copy Pods Resources */,
			);
			buildRules = (
			);
			dependencies = (
			);
			name = WhoWouldWin;
			productName = WhoWouldWin;
			productReference = E6E900501FF418A7008896EB /* WhoWouldWin.app */;
			productType = "com.apple.product-type.application";
		};
		E6E900661FF418A8008896EB /* WhoWouldWinTests */ = {
			isa = PBXNativeTarget;
			buildConfigurationList = E6E9007E1FF418A8008896EB /* Build configuration list for PBXNativeTarget "WhoWouldWinTests" */;
			buildPhases = (
				E6E900631FF418A8008896EB /* Sources */,
				E6E900641FF418A8008896EB /* Frameworks */,
				E6E900651FF418A8008896EB /* Resources */,
			);
			buildRules = (
			);
			dependencies = (
				E6E900691FF418A8008896EB /* PBXTargetDependency */,
			);
			name = WhoWouldWinTests;
			productName = WhoWouldWinTests;
			productReference = E6E900671FF418A8008896EB /* WhoWouldWinTests.xctest */;
			productType = "com.apple.product-type.bundle.unit-test";
		};
		E6E900711FF418A8008896EB /* WhoWouldWinUITests */ = {
			isa = PBXNativeTarget;
			buildConfigurationList = E6E900811FF418A8008896EB /* Build configuration list for PBXNativeTarget "WhoWouldWinUITests" */;
			buildPhases = (
				E6E9006E1FF418A8008896EB /* Sources */,
				E6E9006F1FF418A8008896EB /* Frameworks */,
				E6E900701FF418A8008896EB /* Resources */,
			);
			buildRules = (
			);
			dependencies = (
				E6E900741FF418A8008896EB /* PBXTargetDependency */,
			);
			name = WhoWouldWinUITests;
			productName = WhoWouldWinUITests;
			productReference = E6E900721FF418A8008896EB /* WhoWouldWinUITests.xctest */;
			productType = "com.apple.product-type.bundle.ui-testing";
		};
/* End PBXNativeTarget section */

/* Begin PBXProject section */
		E6E900481FF418A7008896EB /* Project object */ = {
			isa = PBXProject;
			attributes = {
				LastSwiftUpdateCheck = 0920;
				LastUpgradeCheck = 0920;
				ORGANIZATIONNAME = HPJSVW;
				TargetAttributes = {
					E6E9004F1FF418A7008896EB = {
						CreatedOnToolsVersion = 9.2;
						ProvisioningStyle = Automatic;
					};
					E6E900661FF418A8008896EB = {
						CreatedOnToolsVersion = 9.2;
						ProvisioningStyle = Automatic;
						TestTargetID = E6E9004F1FF418A7008896EB;
					};
					E6E900711FF418A8008896EB = {
						CreatedOnToolsVersion = 9.2;
						ProvisioningStyle = Automatic;
						TestTargetID = E6E9004F1FF418A7008896EB;
					};
				};
			};
			buildConfigurationList = E6E9004B1FF418A7008896EB /* Build configuration list for PBXProject "WhoWouldWin" */;
			compatibilityVersion = "Xcode 8.0";
			developmentRegion = en;
			hasScannedForEncodings = 0;
			knownRegions = (
				en,
				Base,
			);
			mainGroup = E6E900471FF418A7008896EB;
			productRefGroup = E6E900511FF418A7008896EB /* Products */;
			projectDirPath = "";
			projectRoot = "";
			targets = (
				E6E9004F1FF418A7008896EB /* WhoWouldWin */,
				E6E900661FF418A8008896EB /* WhoWouldWinTests */,
				E6E900711FF418A8008896EB /* WhoWouldWinUITests */,
			);
		};
/* End PBXProject section */

/* Begin PBXResourcesBuildPhase section */
		E6E9004E1FF418A7008896EB /* Resources */ = {
			isa = PBXResourcesBuildPhase;
			buildActionMask = 2147483647;
			files = (
				E6E900611FF418A8008896EB /* LaunchScreen.storyboard in Resources */,
				E6F0AB7B1FFE40B0003FA238 /* GoogleService-Info.plist in Resources */,
				E6E9005E1FF418A8008896EB /* Assets.xcassets in Resources */,
				E6E900591FF418A8008896EB /* Main.storyboard in Resources */,
			);
			runOnlyForDeploymentPostprocessing = 0;
		};
		E6E900651FF418A8008896EB /* Resources */ = {
			isa = PBXResourcesBuildPhase;
			buildActionMask = 2147483647;
			files = (
			);
			runOnlyForDeploymentPostprocessing = 0;
		};
		E6E900701FF418A8008896EB /* Resources */ = {
			isa = PBXResourcesBuildPhase;
			buildActionMask = 2147483647;
			files = (
			);
			runOnlyForDeploymentPostprocessing = 0;
		};
/* End PBXResourcesBuildPhase section */

/* Begin PBXShellScriptBuildPhase section */
		139FD01645D6370F67559E08 /* [CP] Copy Pods Resources */ = {
			isa = PBXShellScriptBuildPhase;
			buildActionMask = 2147483647;
			files = (
			);
			inputPaths = (
			);
			name = "[CP] Copy Pods Resources";
			outputPaths = (
			);
			runOnlyForDeploymentPostprocessing = 0;
			shellPath = /bin/sh;
			shellScript = "\"${SRCROOT}/Pods/Target Support Files/Pods-WhoWouldWin/Pods-WhoWouldWin-resources.sh\"\n";
			showEnvVarsInLog = 0;
		};
		41882EEE76507BD39C14A535 /* [CP] Check Pods Manifest.lock */ = {
			isa = PBXShellScriptBuildPhase;
			buildActionMask = 2147483647;
			files = (
			);
			inputPaths = (
				"${PODS_PODFILE_DIR_PATH}/Podfile.lock",
				"${PODS_ROOT}/Manifest.lock",
			);
			name = "[CP] Check Pods Manifest.lock";
			outputPaths = (
				"$(DERIVED_FILE_DIR)/Pods-WhoWouldWin-checkManifestLockResult.txt",
			);
			runOnlyForDeploymentPostprocessing = 0;
			shellPath = /bin/sh;
			shellScript = "diff \"${PODS_PODFILE_DIR_PATH}/Podfile.lock\" \"${PODS_ROOT}/Manifest.lock\" > /dev/null\nif [ $? != 0 ] ; then\n    # print error to STDERR\n    echo \"error: The sandbox is not in sync with the Podfile.lock. Run 'pod install' or update your CocoaPods installation.\" >&2\n    exit 1\nfi\n# This output is used by Xcode 'outputs' to avoid re-running this script phase.\necho \"SUCCESS\" > \"${SCRIPT_OUTPUT_FILE_0}\"\n";
			showEnvVarsInLog = 0;
		};
		5E72C898482AB71A7CA6A56B /* [CP] Embed Pods Frameworks */ = {
			isa = PBXShellScriptBuildPhase;
			buildActionMask = 2147483647;
			files = (
			);
			inputPaths = (
				"${SRCROOT}/Pods/Target Support Files/Pods-WhoWouldWin/Pods-WhoWouldWin-frameworks.sh",
				"${BUILT_PRODUCTS_DIR}/GoogleToolboxForMac/GoogleToolboxForMac.framework",
				"${BUILT_PRODUCTS_DIR}/nanopb/nanopb.framework",
			);
			name = "[CP] Embed Pods Frameworks";
			outputPaths = (
				"${TARGET_BUILD_DIR}/${FRAMEWORKS_FOLDER_PATH}/GoogleToolboxForMac.framework",
				"${TARGET_BUILD_DIR}/${FRAMEWORKS_FOLDER_PATH}/nanopb.framework",
			);
			runOnlyForDeploymentPostprocessing = 0;
			shellPath = /bin/sh;
			shellScript = "\"${SRCROOT}/Pods/Target Support Files/Pods-WhoWouldWin/Pods-WhoWouldWin-frameworks.sh\"\n";
			showEnvVarsInLog = 0;
		};
/* End PBXShellScriptBuildPhase section */

/* Begin PBXSourcesBuildPhase section */
		E6E9004C1FF418A7008896EB /* Sources */ = {
			isa = PBXSourcesBuildPhase;
			buildActionMask = 2147483647;
			files = (
				E630AE5D1FF41BBC00944706 /* CustomButton.swift in Sources */,
				E6E900561FF418A8008896EB /* ViewController.swift in Sources */,
				E6E9005C1FF418A8008896EB /* WhoWouldWin.xcdatamodeld in Sources */,
				E6E900541FF418A7008896EB /* AppDelegate.swift in Sources */,
			);
			runOnlyForDeploymentPostprocessing = 0;
		};
		E6E900631FF418A8008896EB /* Sources */ = {
			isa = PBXSourcesBuildPhase;
			buildActionMask = 2147483647;
			files = (
				E6E9006C1FF418A8008896EB /* WhoWouldWinTests.swift in Sources */,
			);
			runOnlyForDeploymentPostprocessing = 0;
		};
		E6E9006E1FF418A8008896EB /* Sources */ = {
			isa = PBXSourcesBuildPhase;
			buildActionMask = 2147483647;
			files = (
				E6E900771FF418A8008896EB /* WhoWouldWinUITests.swift in Sources */,
			);
			runOnlyForDeploymentPostprocessing = 0;
		};
/* End PBXSourcesBuildPhase section */

/* Begin PBXTargetDependency section */
		E6E900691FF418A8008896EB /* PBXTargetDependency */ = {
			isa = PBXTargetDependency;
			target = E6E9004F1FF418A7008896EB /* WhoWouldWin */;
			targetProxy = E6E900681FF418A8008896EB /* PBXContainerItemProxy */;
		};
		E6E900741FF418A8008896EB /* PBXTargetDependency */ = {
			isa = PBXTargetDependency;
			target = E6E9004F1FF418A7008896EB /* WhoWouldWin */;
			targetProxy = E6E900731FF418A8008896EB /* PBXContainerItemProxy */;
		};
/* End PBXTargetDependency section */

/* Begin PBXVariantGroup section */
		E6E900571FF418A8008896EB /* Main.storyboard */ = {
			isa = PBXVariantGroup;
			children = (
				E6E900581FF418A8008896EB /* Base */,
			);
			name = Main.storyboard;
			sourceTree = "<group>";
		};
		E6E9005F1FF418A8008896EB /* LaunchScreen.storyboard */ = {
			isa = PBXVariantGroup;
			children = (
				E6E900601FF418A8008896EB /* Base */,
			);
			name = LaunchScreen.storyboard;
			sourceTree = "<group>";
		};
/* End PBXVariantGroup section */

/* Begin XCBuildConfiguration section */
		E6E900791FF418A8008896EB /* Debug */ = {
			isa = XCBuildConfiguration;
			buildSettings = {
				ALWAYS_SEARCH_USER_PATHS = NO;
				CLANG_ANALYZER_NONNULL = YES;
				CLANG_ANALYZER_NUMBER_OBJECT_CONVERSION = YES_AGGRESSIVE;
				CLANG_CXX_LANGUAGE_STANDARD = "gnu++14";
				CLANG_CXX_LIBRARY = "libc++";
				CLANG_ENABLE_MODULES = YES;
				CLANG_ENABLE_OBJC_ARC = YES;
				CLANG_WARN_BLOCK_CAPTURE_AUTORELEASING = YES;
				CLANG_WARN_BOOL_CONVERSION = YES;
				CLANG_WARN_COMMA = YES;
				CLANG_WARN_CONSTANT_CONVERSION = YES;
				CLANG_WARN_DIRECT_OBJC_ISA_USAGE = YES_ERROR;
				CLANG_WARN_DOCUMENTATION_COMMENTS = YES;
				CLANG_WARN_EMPTY_BODY = YES;
				CLANG_WARN_ENUM_CONVERSION = YES;
				CLANG_WARN_INFINITE_RECURSION = YES;
				CLANG_WARN_INT_CONVERSION = YES;
				CLANG_WARN_NON_LITERAL_NULL_CONVERSION = YES;
				CLANG_WARN_OBJC_LITERAL_CONVERSION = YES;
				CLANG_WARN_OBJC_ROOT_CLASS = YES_ERROR;
				CLANG_WARN_RANGE_LOOP_ANALYSIS = YES;
				CLANG_WARN_STRICT_PROTOTYPES = YES;
				CLANG_WARN_SUSPICIOUS_MOVE = YES;
				CLANG_WARN_UNGUARDED_AVAILABILITY = YES_AGGRESSIVE;
				CLANG_WARN_UNREACHABLE_CODE = YES;
				CLANG_WARN__DUPLICATE_METHOD_MATCH = YES;
				CODE_SIGN_IDENTITY = "iPhone Developer";
				COPY_PHASE_STRIP = NO;
				DEBUG_INFORMATION_FORMAT = dwarf;
				ENABLE_STRICT_OBJC_MSGSEND = YES;
				ENABLE_TESTABILITY = YES;
				GCC_C_LANGUAGE_STANDARD = gnu11;
				GCC_DYNAMIC_NO_PIC = NO;
				GCC_NO_COMMON_BLOCKS = YES;
				GCC_OPTIMIZATION_LEVEL = 0;
				GCC_PREPROCESSOR_DEFINITIONS = (
					"DEBUG=1",
					"$(inherited)",
				);
				GCC_WARN_64_TO_32_BIT_CONVERSION = YES;
				GCC_WARN_ABOUT_RETURN_TYPE = YES_ERROR;
				GCC_WARN_UNDECLARED_SELECTOR = YES;
				GCC_WARN_UNINITIALIZED_AUTOS = YES_AGGRESSIVE;
				GCC_WARN_UNUSED_FUNCTION = YES;
				GCC_WARN_UNUSED_VARIABLE = YES;
				IPHONEOS_DEPLOYMENT_TARGET = 11.2;
				MTL_ENABLE_DEBUG_INFO = YES;
				ONLY_ACTIVE_ARCH = YES;
				SDKROOT = iphoneos;
				SWIFT_ACTIVE_COMPILATION_CONDITIONS = DEBUG;
				SWIFT_OPTIMIZATION_LEVEL = "-Onone";
			};
			name = Debug;
		};
		E6E9007A1FF418A8008896EB /* Release */ = {
			isa = XCBuildConfiguration;
			buildSettings = {
				ALWAYS_SEARCH_USER_PATHS = NO;
				CLANG_ANALYZER_NONNULL = YES;
				CLANG_ANALYZER_NUMBER_OBJECT_CONVERSION = YES_AGGRESSIVE;
				CLANG_CXX_LANGUAGE_STANDARD = "gnu++14";
				CLANG_CXX_LIBRARY = "libc++";
				CLANG_ENABLE_MODULES = YES;
				CLANG_ENABLE_OBJC_ARC = YES;
				CLANG_WARN_BLOCK_CAPTURE_AUTORELEASING = YES;
				CLANG_WARN_BOOL_CONVERSION = YES;
				CLANG_WARN_COMMA = YES;
				CLANG_WARN_CONSTANT_CONVERSION = YES;
				CLANG_WARN_DIRECT_OBJC_ISA_USAGE = YES_ERROR;
				CLANG_WARN_DOCUMENTATION_COMMENTS = YES;
				CLANG_WARN_EMPTY_BODY = YES;
				CLANG_WARN_ENUM_CONVERSION = YES;
				CLANG_WARN_INFINITE_RECURSION = YES;
				CLANG_WARN_INT_CONVERSION = YES;
				CLANG_WARN_NON_LITERAL_NULL_CONVERSION = YES;
				CLANG_WARN_OBJC_LITERAL_CONVERSION = YES;
				CLANG_WARN_OBJC_ROOT_CLASS = YES_ERROR;
				CLANG_WARN_RANGE_LOOP_ANALYSIS = YES;
				CLANG_WARN_STRICT_PROTOTYPES = YES;
				CLANG_WARN_SUSPICIOUS_MOVE = YES;
				CLANG_WARN_UNGUARDED_AVAILABILITY = YES_AGGRESSIVE;
				CLANG_WARN_UNREACHABLE_CODE = YES;
				CLANG_WARN__DUPLICATE_METHOD_MATCH = YES;
				CODE_SIGN_IDENTITY = "iPhone Developer";
				COPY_PHASE_STRIP = NO;
				DEBUG_INFORMATION_FORMAT = "dwarf-with-dsym";
				ENABLE_NS_ASSERTIONS = NO;
				ENABLE_STRICT_OBJC_MSGSEND = YES;
				GCC_C_LANGUAGE_STANDARD = gnu11;
				GCC_NO_COMMON_BLOCKS = YES;
				GCC_WARN_64_TO_32_BIT_CONVERSION = YES;
				GCC_WARN_ABOUT_RETURN_TYPE = YES_ERROR;
				GCC_WARN_UNDECLARED_SELECTOR = YES;
				GCC_WARN_UNINITIALIZED_AUTOS = YES_AGGRESSIVE;
				GCC_WARN_UNUSED_FUNCTION = YES;
				GCC_WARN_UNUSED_VARIABLE = YES;
				IPHONEOS_DEPLOYMENT_TARGET = 11.2;
				MTL_ENABLE_DEBUG_INFO = NO;
				SDKROOT = iphoneos;
				SWIFT_OPTIMIZATION_LEVEL = "-Owholemodule";
				VALIDATE_PRODUCT = YES;
			};
			name = Release;
		};
		E6E9007C1FF418A8008896EB /* Debug */ = {
			isa = XCBuildConfiguration;
			baseConfigurationReference = 758DF26AD9DD2469AA621A91 /* Pods-WhoWouldWin.debug.xcconfig */;
			buildSettings = {
				ASSETCATALOG_COMPILER_APPICON_NAME = AppIcon;
				CODE_SIGN_STYLE = Automatic;
				INFOPLIST_FILE = WhoWouldWin/Info.plist;
				LD_RUNPATH_SEARCH_PATHS = "$(inherited) @executable_path/Frameworks";
				PRODUCT_BUNDLE_IDENTIFIER = at.fhooe.mc.WhoWouldWin;
				PRODUCT_NAME = "$(TARGET_NAME)";
				SWIFT_VERSION = 4.0;
				TARGETED_DEVICE_FAMILY = "1,2";
			};
			name = Debug;
		};
		E6E9007D1FF418A8008896EB /* Release */ = {
			isa = XCBuildConfiguration;
			baseConfigurationReference = AC5517C35421360DC5C7A694 /* Pods-WhoWouldWin.release.xcconfig */;
			buildSettings = {
				ASSETCATALOG_COMPILER_APPICON_NAME = AppIcon;
				CODE_SIGN_STYLE = Automatic;
				INFOPLIST_FILE = WhoWouldWin/Info.plist;
				LD_RUNPATH_SEARCH_PATHS = "$(inherited) @executable_path/Frameworks";
				PRODUCT_BUNDLE_IDENTIFIER = at.fhooe.mc.WhoWouldWin;
				PRODUCT_NAME = "$(TARGET_NAME)";
				SWIFT_VERSION = 4.0;
				TARGETED_DEVICE_FAMILY = "1,2";
			};
			name = Release;
		};
		E6E9007F1FF418A8008896EB /* Debug */ = {
			isa = XCBuildConfiguration;
			buildSettings = {
				ALWAYS_EMBED_SWIFT_STANDARD_LIBRARIES = YES;
				BUNDLE_LOADER = "$(TEST_HOST)";
				CODE_SIGN_STYLE = Automatic;
				INFOPLIST_FILE = WhoWouldWinTests/Info.plist;
				LD_RUNPATH_SEARCH_PATHS = "$(inherited) @executable_path/Frameworks @loader_path/Frameworks";
				PRODUCT_BUNDLE_IDENTIFIER = at.fhooe.mc.WhoWouldWinTests;
				PRODUCT_NAME = "$(TARGET_NAME)";
				SWIFT_VERSION = 4.0;
				TARGETED_DEVICE_FAMILY = "1,2";
				TEST_HOST = "$(BUILT_PRODUCTS_DIR)/WhoWouldWin.app/WhoWouldWin";
			};
			name = Debug;
		};
		E6E900801FF418A8008896EB /* Release */ = {
			isa = XCBuildConfiguration;
			buildSettings = {
				ALWAYS_EMBED_SWIFT_STANDARD_LIBRARIES = YES;
				BUNDLE_LOADER = "$(TEST_HOST)";
				CODE_SIGN_STYLE = Automatic;
				INFOPLIST_FILE = WhoWouldWinTests/Info.plist;
				LD_RUNPATH_SEARCH_PATHS = "$(inherited) @executable_path/Frameworks @loader_path/Frameworks";
				PRODUCT_BUNDLE_IDENTIFIER = at.fhooe.mc.WhoWouldWinTests;
				PRODUCT_NAME = "$(TARGET_NAME)";
				SWIFT_VERSION = 4.0;
				TARGETED_DEVICE_FAMILY = "1,2";
				TEST_HOST = "$(BUILT_PRODUCTS_DIR)/WhoWouldWin.app/WhoWouldWin";
			};
			name = Release;
		};
		E6E900821FF418A8008896EB /* Debug */ = {
			isa = XCBuildConfiguration;
			buildSettings = {
				ALWAYS_EMBED_SWIFT_STANDARD_LIBRARIES = YES;
				CODE_SIGN_STYLE = Automatic;
				INFOPLIST_FILE = WhoWouldWinUITests/Info.plist;
				LD_RUNPATH_SEARCH_PATHS = "$(inherited) @executable_path/Frameworks @loader_path/Frameworks";
				PRODUCT_BUNDLE_IDENTIFIER = at.fhooe.mc.WhoWouldWinUITests;
				PRODUCT_NAME = "$(TARGET_NAME)";
				SWIFT_VERSION = 4.0;
				TARGETED_DEVICE_FAMILY = "1,2";
				TEST_TARGET_NAME = WhoWouldWin;
			};
			name = Debug;
		};
		E6E900831FF418A8008896EB /* Release */ = {
			isa = XCBuildConfiguration;
			buildSettings = {
				ALWAYS_EMBED_SWIFT_STANDARD_LIBRARIES = YES;
				CODE_SIGN_STYLE = Automatic;
				INFOPLIST_FILE = WhoWouldWinUITests/Info.plist;
				LD_RUNPATH_SEARCH_PATHS = "$(inherited) @executable_path/Frameworks @loader_path/Frameworks";
				PRODUCT_BUNDLE_IDENTIFIER = at.fhooe.mc.WhoWouldWinUITests;
				PRODUCT_NAME = "$(TARGET_NAME)";
				SWIFT_VERSION = 4.0;
				TARGETED_DEVICE_FAMILY = "1,2";
				TEST_TARGET_NAME = WhoWouldWin;
			};
			name = Release;
		};
/* End XCBuildConfiguration section */

/* Begin XCConfigurationList section */
		E6E9004B1FF418A7008896EB /* Build configuration list for PBXProject "WhoWouldWin" */ = {
			isa = XCConfigurationList;
			buildConfigurations = (
				E6E900791FF418A8008896EB /* Debug */,
				E6E9007A1FF418A8008896EB /* Release */,
			);
			defaultConfigurationIsVisible = 0;
			defaultConfigurationName = Release;
		};
		E6E9007B1FF418A8008896EB /* Build configuration list for PBXNativeTarget "WhoWouldWin" */ = {
			isa = XCConfigurationList;
			buildConfigurations = (
				E6E9007C1FF418A8008896EB /* Debug */,
				E6E9007D1FF418A8008896EB /* Release */,
			);
			defaultConfigurationIsVisible = 0;
			defaultConfigurationName = Release;
		};
		E6E9007E1FF418A8008896EB /* Build configuration list for PBXNativeTarget "WhoWouldWinTests" */ = {
			isa = XCConfigurationList;
			buildConfigurations = (
				E6E9007F1FF418A8008896EB /* Debug */,
				E6E900801FF418A8008896EB /* Release */,
			);
			defaultConfigurationIsVisible = 0;
			defaultConfigurationName = Release;
		};
		E6E900811FF418A8008896EB /* Build configuration list for PBXNativeTarget "WhoWouldWinUITests" */ = {
			isa = XCConfigurationList;
			buildConfigurations = (
				E6E900821FF418A8008896EB /* Debug */,
				E6E900831FF418A8008896EB /* Release */,
			);
			defaultConfigurationIsVisible = 0;
			defaultConfigurationName = Release;
		};
/* End XCConfigurationList section */

/* Begin XCVersionGroup section */
		E6E9005A1FF418A8008896EB /* WhoWouldWin.xcdatamodeld */ = {
			isa = XCVersionGroup;
			children = (
				E6E9005B1FF418A8008896EB /* WhoWouldWin.xcdatamodel */,
			);
			currentVersion = E6E9005B1FF418A8008896EB /* WhoWouldWin.xcdatamodel */;
			path = WhoWouldWin.xcdatamodeld;
			sourceTree = "<group>";
			versionGroupType = wrapper.xcdatamodel;
		};
/* End XCVersionGroup section */
	};
	rootObject = E6E900481FF418A7008896EB /* Project object */;
}
